
Microsoft Visual Studio Solution File, Format Version 12.00
# Visual Studio Version 16
VisualStudioVersion = 16.0.31410.357
MinimumVisualStudioVersion = 10.0.40219.1
Project("{FAE04EC0-301F-11D3-BF4B-00C04F79EFBC}") = "API_AUTH", "API_AUTH\API_AUTH.csproj", "{168017C4-A954-43E4-9119-EDA7708F9BBE}"
EndProject
Global
	GlobalSection(SolutionConfigurationPlatforms) = preSolution
		Debug|Any CPU = Debug|Any CPU
		Release|Any CPU = Release|Any CPU
	EndGlobalSection
	GlobalSection(ProjectConfigurationPlatforms) = postSolution
		{168017C4-A954-43E4-9119-EDA7708F9BBE}.Debug|Any CPU.ActiveCfg = Debug|Any CPU
		{168017C4-A954-43E4-9119-EDA7708F9BBE}.Debug|Any CPU.Build.0 = Debug|Any CPU
		{168017C4-A954-43E4-9119-EDA7708F9BBE}.Release|Any CPU.ActiveCfg = Release|Any CPU
		{168017C4-A954-43E4-9119-EDA7708F9BBE}.Release|Any CPU.Build.0 = Release|Any CPU
	EndGlobalSection
	GlobalSection(SolutionProperties) = preSolution
		HideSolutionNode = FALSE
	EndGlobalSection
	GlobalSection(ExtensibilityGlobals) = postSolution
		SolutionGuid = {779561E9-1CD9-4304-B9F9-5DED9DC1323F}
	EndGlobalSection
EndGlobal
